{
  "version": 4,
  "terraform_version": "0.13.5",
  "serial": 33,
  "lineage": "84f04d0a-a23e-2f28-73e1-7771c1d6b4ef",
  "outputs": {},
  "resources": [
    {
      "mode": "data",
      "type": "ibm_resource_group",
      "name": "group",
      "provider": "provider[\"registry.terraform.io/ibm-cloud/ibm\"]",
      "instances": [
        {
          "schema_version": 0,
          "attributes": {
            "id": "ac83304b2fb6492e95995812da85b653",
            "is_default": null,
            "name": "CDE"
          }
        }
      ]
    },
    {
      "module": "module.gitlab",
      "mode": "data",
      "type": "ibm_is_image",
      "name": "image",
      "provider": "provider[\"registry.terraform.io/ibm-cloud/ibm\"]",
      "instances": [
        {
          "schema_version": 0,
          "attributes": {
            "architecture": "amd64",
            "crn": "crn:v1:bluemix:public:is:us-south:a/811f8abfbd32425597dc7ba40da98fa6::image:r006-988caa8b-7786-49c9-aea6-9553af2b1969",
            "encryption": "none",
            "encryption_key": null,
            "id": "r006-988caa8b-7786-49c9-aea6-9553af2b1969",
            "name": "ibm-ubuntu-20-04-minimal-amd64-2",
            "os": "ubuntu-20-04-amd64",
            "status": "available",
            "visibility": "public"
          }
        }
      ]
    },
    {
      "module": "module.gitlab",
      "mode": "managed",
      "type": "ibm_is_floating_ip",
      "name": "gitlab",
      "provider": "provider[\"registry.terraform.io/ibm-cloud/ibm\"]",
      "instances": []
    },
    {
      "module": "module.gitlab",
      "mode": "managed",
      "type": "ibm_is_instance",
      "name": "instance",
      "provider": "provider[\"registry.terraform.io/ibm-cloud/ibm\"]",
      "instances": []
    },
    {
      "module": "module.security",
      "mode": "managed",
      "type": "ibm_is_security_group",
      "name": "project_security_group",
      "provider": "provider[\"registry.terraform.io/ibm-cloud/ibm\"]",
      "instances": [
        {
          "schema_version": 0,
          "attributes": {
            "id": "r006-8aa6400d-f58c-4b57-ae9d-675b718b8d81",
            "name": "runner-sg",
            "resource_controller_url": "https://cloud.ibm.com/vpc-ext/network/securityGroups",
            "resource_crn": "crn:v1:bluemix:public:is:us-south:a/6c27214690345bfb75bb1f2b28a20504::security-group:r006-8aa6400d-f58c-4b57-ae9d-675b718b8d81",
            "resource_group": "ac83304b2fb6492e95995812da85b653",
            "resource_group_name": "CDE",
            "resource_name": "runner-sg",
            "rules": [
              {
                "code": 0,
                "direction": "outbound",
                "ip_version": "ipv4",
                "port_max": 0,
                "port_min": 0,
                "protocol": "all",
                "remote": "0.0.0.0/0",
                "type": 0
              }
            ],
            "vpc": "r006-8f455bb3-5bfe-46d4-8731-c4656e0c761c"
          },
          "private": "bnVsbA==",
          "dependencies": [
            "data.ibm_resource_group.group",
            "module.vpc.ibm_is_vpc.vpc"
          ]
        }
      ]
    },
    {
      "module": "module.security",
      "mode": "managed",
      "type": "ibm_is_security_group_rule",
      "name": "all_outbound",
      "provider": "provider[\"registry.terraform.io/ibm-cloud/ibm\"]",
      "instances": [
        {
          "schema_version": 0,
          "attributes": {
            "direction": "outbound",
            "group": "r006-8aa6400d-f58c-4b57-ae9d-675b718b8d81",
            "icmp": [],
            "id": "r006-8aa6400d-f58c-4b57-ae9d-675b718b8d81.r006-77c6e740-1ef3-4663-97b2-ce98973eb156",
            "ip_version": "ipv4",
            "protocol": "all",
            "related_crn": "crn:v1:bluemix:public:is:us-south:a/6c27214690345bfb75bb1f2b28a20504::security-group:r006-8aa6400d-f58c-4b57-ae9d-675b718b8d81",
            "remote": "0.0.0.0/0",
            "rule_id": "r006-77c6e740-1ef3-4663-97b2-ce98973eb156",
            "tcp": [],
            "udp": []
          },
          "private": "bnVsbA==",
          "dependencies": [
            "data.ibm_resource_group.group",
            "module.security.ibm_is_security_group.project_security_group",
            "module.vpc.ibm_is_vpc.vpc"
          ]
        }
      ]
    },
    {
      "module": "module.security",
      "mode": "managed",
      "type": "ibm_is_security_group_rule",
      "name": "https_in",
      "provider": "provider[\"registry.terraform.io/ibm-cloud/ibm\"]",
      "instances": []
    },
    {
      "module": "module.security",
      "mode": "managed",
      "type": "ibm_is_security_group_rule",
      "name": "ssh_in_from_services",
      "provider": "provider[\"registry.terraform.io/ibm-cloud/ibm\"]",
      "instances": []
    },
    {
      "module": "module.vpc",
      "mode": "data",
      "type": "ibm_is_zones",
      "name": "mzr",
      "provider": "provider[\"registry.terraform.io/ibm-cloud/ibm\"]",
      "instances": [
        {
          "schema_version": 0,
          "attributes": {
            "id": "2020-12-22 17:50:35.675635 +0000 UTC",
            "region": "us-east",
            "status": null,
            "zones": [
              "us-east-1",
              "us-east-2",
              "us-east-3"
            ]
          }
        }
      ]
    },
    {
      "module": "module.vpc",
      "mode": "managed",
      "type": "ibm_is_security_group_rule",
      "name": "default_https_in",
      "provider": "provider[\"registry.terraform.io/ibm-cloud/ibm\"]",
      "instances": [
        {
          "schema_version": 0,
          "attributes": {
            "direction": "inbound",
            "group": "r006-2d73f953-334e-4728-baee-5c87a00cbe6d",
            "icmp": [],
            "id": "r006-2d73f953-334e-4728-baee-5c87a00cbe6d.r006-b854f879-4cf7-4866-87bd-224583feb35a",
            "ip_version": "ipv4",
            "protocol": "tcp",
            "related_crn": "crn:v1:bluemix:public:is:us-south:a/6c27214690345bfb75bb1f2b28a20504::security-group:r006-2d73f953-334e-4728-baee-5c87a00cbe6d",
            "remote": "0.0.0.0/0",
            "rule_id": "r006-b854f879-4cf7-4866-87bd-224583feb35a",
            "tcp": [
              {
                "port_max": 443,
                "port_min": 443
              }
            ],
            "udp": []
          },
          "private": "bnVsbA==",
          "dependencies": [
            "data.ibm_resource_group.group",
            "module.vpc.ibm_is_vpc.vpc"
          ]
        }
      ]
    },
    {
      "module": "module.vpc",
      "mode": "managed",
      "type": "ibm_is_ssh_key",
      "name": "generated_key",
      "provider": "provider[\"registry.terraform.io/ibm-cloud/ibm\"]",
      "instances": [
        {
          "schema_version": 0,
          "attributes": {
            "fingerprint": "SHA256:vfSmOUxR3MlxD05bGUGV1b+e7peAnuiaw0aCHfOqmfU",
            "id": "r006-9034b1ae-91f4-4d20-af9c-873958c5d818",
            "length": 4096,
            "name": "glv1-sshkey",
            "public_key": "ssh-rsa AAAAB3NzaC1yc2EAAAADAQABAAACAQCmqVkrBaULyJlwp4IJl+3PVNVV4/fDbFAXC7gXrw8iHWFRclCQpb4eVd/yftr5/x8EUXHYMsH2sfNN6lA4Cw0SxFCYXhXnODCcFuUqfvEiDvqhJvRohBBF+YXojSaBlIK2YRQhTJfXe2/Se95OUIIyB8/3N8PXARDtu/PV9c4TbP8MnrP3BfEGGmO5Zr/+nLJjgCJe5dzbs21/3AyxITtiMCFuv3BMQ3dYE06ojs4Ia/skS6g2bAAq277/z9HKc23ljze3KTKhPk7JZp2T9iATDxrQofP7Di4KhW9elGmGHeRklxfEyrqxaYFbJLw8eb5BT0lhZYWf1a/v1XqE1pK/15D6JA+rlrDWVseBL8rkHQzDy2MyANdI+VAl/vmTcCqS2V0ghvu3PilCMtMDF9T7bh7AjI4RssCV3TEN6C7emYYMutAg6xro8CBOdWOzVgH1zKvKlg97+mwEXM9tV8W5/JZHrI5NZ/QzBaNJEdcZpEee+XYGqLWejc67PGLWXxAGiwxuagSw+HpgyyUNCEH3t1XvNwggPIh6RGB8gPEd6SfaIg8vB5H0FtveE1Po0KBEVSTFzlts1SqFJodUGOifQjYRuGxp7C5l+ofh1YH9NzoVF7RZufasCT3B7akhN6CteRY37U3tjgqz5OxDEhngnix2A5f3BlrXP5qoCUZ3GQ==\n",
            "resource_controller_url": "https://cloud.ibm.com/vpc-ext/compute/sshKeys",
            "resource_crn": "crn:v1:bluemix:public:is:us-south:a/6c27214690345bfb75bb1f2b28a20504::key:r006-9034b1ae-91f4-4d20-af9c-873958c5d818",
            "resource_group": "ac83304b2fb6492e95995812da85b653",
            "resource_group_name": "CDE",
            "resource_name": "glv1-sshkey",
            "tags": [
              "project_version:221750",
              "region:us-east",
              "ryantiffany",
              "terraform_workspace:default",
              "type:is-ssh-key"
            ],
            "type": "rsa"
          },
          "private": "bnVsbA==",
          "dependencies": [
            "data.ibm_resource_group.group",
            "module.vpc.tls_private_key.ssh"
          ]
        }
      ]
    },
    {
      "module": "module.vpc",
      "mode": "managed",
      "type": "ibm_is_subnet",
      "name": "runner_subnet",
      "provider": "provider[\"registry.terraform.io/ibm-cloud/ibm\"]",
      "instances": []
    },
    {
      "module": "module.vpc",
      "mode": "managed",
      "type": "ibm_is_subnet",
      "name": "service_subnet",
      "provider": "provider[\"registry.terraform.io/ibm-cloud/ibm\"]",
      "instances": []
    },
    {
      "module": "module.vpc",
      "mode": "managed",
      "type": "ibm_is_vpc",
      "name": "vpc",
      "provider": "provider[\"registry.terraform.io/ibm-cloud/ibm\"]",
      "instances": [
        {
          "schema_version": 0,
          "attributes": {
            "address_prefix_management": "auto",
            "classic_access": false,
            "crn": "crn:v1:bluemix:public:is:us-south:a/6c27214690345bfb75bb1f2b28a20504::vpc:r006-8f455bb3-5bfe-46d4-8731-c4656e0c761c",
            "cse_source_addresses": [
              {
                "address": "10.249.192.254",
                "zone_name": "us-south-1"
              },
              {
                "address": "10.12.157.132",
                "zone_name": "us-south-2"
              },
              {
                "address": "10.12.167.92",
                "zone_name": "us-south-3"
              }
            ],
            "default_network_acl": "r006-6f5bf011-91a3-4b0d-97a3-0ce76e843a22",
            "default_security_group": "r006-2d73f953-334e-4728-baee-5c87a00cbe6d",
            "id": "r006-8f455bb3-5bfe-46d4-8731-c4656e0c761c",
            "is_default": null,
            "name": "glv1-vpc",
            "resource_controller_url": "https://cloud.ibm.com/vpc-ext/network/vpcs",
            "resource_crn": "crn:v1:bluemix:public:is:us-south:a/6c27214690345bfb75bb1f2b28a20504::vpc:r006-8f455bb3-5bfe-46d4-8731-c4656e0c761c",
            "resource_group": "ac83304b2fb6492e95995812da85b653",
            "resource_group_name": "CDE",
            "resource_name": "glv1-vpc",
            "resource_status": "available",
            "security_group": [
              {
                "group_id": "r006-2d73f953-334e-4728-baee-5c87a00cbe6d",
                "group_name": "banister-mushiness-sinuous-jailhouse",
                "rules": [
                  {
                    "code": 0,
                    "direction": "outbound",
                    "ip_version": "ipv4",
                    "port_max": 0,
                    "port_min": 0,
                    "protocol": "all",
                    "remote": "0.0.0.0/0",
                    "rule_id": "r006-dd205fb7-8eb5-40aa-aae3-444c3a8cbd4a",
                    "type": 0
                  },
                  {
                    "code": 0,
                    "direction": "inbound",
                    "ip_version": "ipv4",
                    "port_max": 0,
                    "port_min": 0,
                    "protocol": "all",
                    "remote": "r006-2d73f953-334e-4728-baee-5c87a00cbe6d",
                    "rule_id": "r006-991c0b87-a8a0-4043-9ce8-316d245a3d85",
                    "type": 0
                  },
                  {
                    "code": 0,
                    "direction": "inbound",
                    "ip_version": "ipv4",
                    "port_max": 443,
                    "port_min": 443,
                    "protocol": "tcp",
                    "remote": "0.0.0.0/0",
                    "rule_id": "r006-b854f879-4cf7-4866-87bd-224583feb35a",
                    "type": 0
                  }
                ]
              },
              {
                "group_id": "r006-8aa6400d-f58c-4b57-ae9d-675b718b8d81",
                "group_name": "runner-sg",
                "rules": [
                  {
                    "code": 0,
                    "direction": "outbound",
                    "ip_version": "ipv4",
                    "port_max": 0,
                    "port_min": 0,
                    "protocol": "all",
                    "remote": "0.0.0.0/0",
                    "rule_id": "r006-77c6e740-1ef3-4663-97b2-ce98973eb156",
                    "type": 0
                  }
                ]
              }
            ],
            "status": "available",
            "subnets": [],
            "tags": [
              "project_version:221750",
              "region:us-east",
              "ryantiffany",
              "terraform_workspace:default",
              "type:is-vpc"
            ],
            "timeouts": null
          },
          "private": "eyJlMmJmYjczMC1lY2FhLTExZTYtOGY4OC0zNDM2M2JjN2M0YzAiOnsiY3JlYXRlIjo2MDAwMDAwMDAwMDAsImRlbGV0ZSI6NjAwMDAwMDAwMDAwfX0=",
          "dependencies": [
            "data.ibm_resource_group.group"
          ]
        }
      ]
    },
    {
      "module": "module.vpc",
      "mode": "managed",
      "type": "local_file",
      "name": "ssh-key",
      "provider": "provider[\"registry.terraform.io/hashicorp/local\"]",
      "instances": [
        {
          "schema_version": 0,
          "attributes": {
            "content": "-----BEGIN RSA PRIVATE KEY-----\nMIIJKQIBAAKCAgEApqlZKwWlC8iZcKeCCZftz1TVVeP3w2xQFwu4F68PIh1hUXJQ\nkKW+HlXf8n7a+f8fBFFx2DLB9rHzTepQOAsNEsRQmF4V5zgwnBblKn7xIg76oSb0\naIQQRfmF6I0mgZSCtmEUIUyX13tv0nveTlCCMgfP9zfD1wEQ7bvz1fXOE2z/DJ6z\n9wXxBhpjuWa//pyyY4AiXuXc27Ntf9wMsSE7YjAhbr9wTEN3WBNOqI7OCGv7JEuo\nNmwAKtu+/8/RynNt5Y83tykyoT5OyWadk/YgEw8a0KHz+w4uCoVvXpRphh3kZJcX\nxMq6sWmBWyS8PHm+QU9JYWWFn9Wv79V6hNaSv9eQ+iQPq5aw1lbHgS/K5B0Mw8tj\nMgDXSPlQJf75k3AqktldIIb7tz4pQjLTAxfU+24ewIyOEbLAld0xDegu3pmGDLrQ\nIOsa6PAgTnVjs1YB9cyrypYPe/psBFzPbVfFufyWR6yOTWf0MwWjSRHXGaRHnvl2\nBqi1no3Ouzxi1l8QBosMbmoEsPh6YMslDQhB97dV7zcIIDyIekRgfIDxHekn2iIP\nLweR9Bbb3hNT6NCgRFUkxc5bbNUqhSaHVBjon0I2EbhsaewuZfqH4dWB/Tc6FRe0\nWbn2rAk9we2pITegrXkWN+1N7Y4Ks+TsQxIZ4J4sdgOX9wZa1z+aqAlGdxkCAwEA\nAQKCAgEAhaxs9aHYaGQkFgR0u2cded9MIVDwx9DXSDTBGlXx6GXySZZL4kjd/YzZ\nS7HNxxiGczsz+bl0c371bDgU0W6jtLq6/grwvH0IGBoRAw3AMJYdFiadgDr0pntl\nmUmlaeeJE+k3cSHy5AWAgi2R9/SBCMnVVy9mJ8wWHOhUwfceq9wPkbq1E9uzHzcJ\nZ4pvUjOyrTX322+4vorit9vyXhwOekmqdx6bXr/6OC18OJwZyw146Pq517S2Sanp\nP1sbpKsCqU4+3OzxS/0iyk1A9I1D2qWR12cevu33pb6yvgSBwu20462Ahfoo1eWO\nuGD1jfgDznReof0AuVt2ewIZ+/PyzRp7amVwm01cH7vsL/Hd2S+AmzGu4qxVNO7s\nZC7Rr17AL0tYNh+reOysuQcjXNkmqaZ8LVk/x/kulDkDsAikUkzc6NwSA4L+wWBe\njh6NOUfVTeIsEyZ1X8aRB6cN5bCMW7WCqyGw8wDqBKQ7+7033I86XrXw2nIHfSRM\nKK9IpR1i2Z0ot2HoRkSKv0zAAUhpwMkR1s+8O6RjzDVEbk6yTGXjnLzCb87xGt4Z\nQVttfnhTBt95Trl5XtgmbnqeFcxv7HzoNnO1VBHQ+LNRHQmP4Y5a1GBYllUmLHS3\nYOvJFaO/er9xUuFHbXZSyuhGlyVotSIZLWOEhbPot1JC2i3jlRECggEBANxMt6Uh\nmu8vED/B0e53pwK/ECpi94L+URMn6jUk+/eIPF2com6GslKRN6xt3Pq/4stBx5uy\nAJpjVgSm91QryfK6z1EfQ46WqeT6YHqjt2f7Q0eyTK1gnk8TJug358rNednSSNuV\nKH5nyYAJXmiiUAfjG1tqC9bXEcLZjqsmdehvKzMyMPyxrtaIW08JPOEyq3gyThfu\nA389SgZ+70m7XX1FOr2UxV++WdtVecu/NLWPKMQ+7MFek96TiKpTjhevpa4H+8AH\nIipjsynjRIM3jMxIynahdT4r9116JVOboms0h/9n0plWGbZBIfjmVT2ngRBnB9gW\nsk04EwuFHzdvRl0CggEBAMGrakuka3Qp4uvKSKy6Ufv6YSu6HuupFqiJzoP89GRL\nK+Vpl41s/EUpqk0PyiXZ4ESqVVNjIT6rlX6WhX/VTmpl5Ki9l6tae5p3s7yZoyRA\np1SR/BeZglRqa8GZ3s8Nfi/px6K4jX/qIr9aemIfj0GWvYqi7vJpfW2xUraQY9fX\ngADV8lr4ZK0jrufQzX8Nu8nuS/0APDoTJ4JbdqvLNigaMCf9bBG/hNPBf6bGFSUC\nX94ZR9kTgH/FaRMsqnYjEb2Srp75xcgMvECBtBiM8MtFvwyuICYxACJ3IKuEX7VO\n3pNt7suLK61vatauAEctwUKJE7LNpqZ4p8vBM1rAb+0CggEAfv7qzxL0UfX7lAWT\nk7j+WiLymry6mpUo/7X+2ewcJLIwunZVXQnhOp/kTE55GUQM5cdh3mta1aV2LPBj\nm+4yWO9AHC+9rjFEd2+utoQycoryWh56/We5WzRbNXsk8FBLcjo7LfpqgZQrINhF\nyGPpZuKRHr2fXZZV8tGf4SImzntnl/fTLZjwhVPN714P7nJbTssRIdJfybX3Oo9q\nOkL8vf5uwmNE9NCy1DIOKFptdEy234q2yTJQY/sAyc+pFhZ3mD+Z7TUviOg4nGkb\nUdlwHUPJE2I4SELoMsb7RZtuogaCb8XWLfbok5wwjV+avBQX3vDGINfUqZctw3JW\ncIqBMQKCAQEAtWNbwg7zyS+15gtmd8hmIu+FdRP0A9oxa5buQjZ3mzvAmDSGiiIK\nQKjeZSClvz/JyeYS1m/g4jaIZLCLxoe80vAt8lDoLcgoPitgvwLShpC7Z/z2tA/F\nvlSSKhh4U0qa5js6DFB3ztc2xivytdZDMTYCvkcOLyLYJBXRl0WzDaQ7sgyv2b4N\nZRAnr9yjqxzsxhsXNpWy0t2/wlrx0cMZLQQiGEJFpnXO7Rms+kFJ6ojHy1e4MDsQ\nvhrh5+CMousDoZ8xR5o+QLiU1IHmcJwIpwni/vhTChIYwy75/UqU7VY6JrDu19q4\nBM92rCz5+7CB8lQ6i9wK+p3E4pRICfZ0nQKCAQAEdzmAzUB41GSrxopnM9G/qn3M\nLBEh99jioTgStLl6mT8ioSMzaqtZ8/uyYEH53vrgwKLBgJQXot7Lb6WGGVkH+uOU\nQ7XwBDRhSl4lda5LD1jtzAI37JcqylsEEVZgr7pAQirG+S0I1ccJbSHZdvWe+X4f\nQTszhf8VfAFkWYnghrov401K90ryXiiir081joNgycnDlTF1d267cT5uKVdAj8g9\nRVKiGplWBP0t2BW+G7oMQgF7ut/xdLHzrdR++m7PhwbRL5CpsO+HSR+xCvEg3bZl\nb1idaTlheTfscu/LyFR2BT2M1aI1VJGQQ1y6Q7/qOJZGM5a1edquU1ILeYW4\n-----END RSA PRIVATE KEY-----\n",
            "content_base64": null,
            "directory_permission": "0777",
            "file_permission": "0600",
            "filename": "../ansible/generated_key_rsa",
            "id": "6fb3d4efe4315430935bd6e0430afd108ba71b27",
            "sensitive_content": null,
            "source": null
          },
          "private": "bnVsbA==",
          "dependencies": [
            "module.vpc.tls_private_key.ssh"
          ]
        }
      ]
    },
    {
      "module": "module.vpc",
      "mode": "managed",
      "type": "tls_private_key",
      "name": "ssh",
      "provider": "provider[\"registry.terraform.io/hashicorp/tls\"]",
      "instances": [
        {
          "schema_version": 0,
          "attributes": {
            "algorithm": "RSA",
            "ecdsa_curve": "P224",
            "id": "636948cb666f18343499cbf85cdae87e5ac0d6a1",
            "private_key_pem": "-----BEGIN RSA PRIVATE KEY-----\nMIIJKQIBAAKCAgEApqlZKwWlC8iZcKeCCZftz1TVVeP3w2xQFwu4F68PIh1hUXJQ\nkKW+HlXf8n7a+f8fBFFx2DLB9rHzTepQOAsNEsRQmF4V5zgwnBblKn7xIg76oSb0\naIQQRfmF6I0mgZSCtmEUIUyX13tv0nveTlCCMgfP9zfD1wEQ7bvz1fXOE2z/DJ6z\n9wXxBhpjuWa//pyyY4AiXuXc27Ntf9wMsSE7YjAhbr9wTEN3WBNOqI7OCGv7JEuo\nNmwAKtu+/8/RynNt5Y83tykyoT5OyWadk/YgEw8a0KHz+w4uCoVvXpRphh3kZJcX\nxMq6sWmBWyS8PHm+QU9JYWWFn9Wv79V6hNaSv9eQ+iQPq5aw1lbHgS/K5B0Mw8tj\nMgDXSPlQJf75k3AqktldIIb7tz4pQjLTAxfU+24ewIyOEbLAld0xDegu3pmGDLrQ\nIOsa6PAgTnVjs1YB9cyrypYPe/psBFzPbVfFufyWR6yOTWf0MwWjSRHXGaRHnvl2\nBqi1no3Ouzxi1l8QBosMbmoEsPh6YMslDQhB97dV7zcIIDyIekRgfIDxHekn2iIP\nLweR9Bbb3hNT6NCgRFUkxc5bbNUqhSaHVBjon0I2EbhsaewuZfqH4dWB/Tc6FRe0\nWbn2rAk9we2pITegrXkWN+1N7Y4Ks+TsQxIZ4J4sdgOX9wZa1z+aqAlGdxkCAwEA\nAQKCAgEAhaxs9aHYaGQkFgR0u2cded9MIVDwx9DXSDTBGlXx6GXySZZL4kjd/YzZ\nS7HNxxiGczsz+bl0c371bDgU0W6jtLq6/grwvH0IGBoRAw3AMJYdFiadgDr0pntl\nmUmlaeeJE+k3cSHy5AWAgi2R9/SBCMnVVy9mJ8wWHOhUwfceq9wPkbq1E9uzHzcJ\nZ4pvUjOyrTX322+4vorit9vyXhwOekmqdx6bXr/6OC18OJwZyw146Pq517S2Sanp\nP1sbpKsCqU4+3OzxS/0iyk1A9I1D2qWR12cevu33pb6yvgSBwu20462Ahfoo1eWO\nuGD1jfgDznReof0AuVt2ewIZ+/PyzRp7amVwm01cH7vsL/Hd2S+AmzGu4qxVNO7s\nZC7Rr17AL0tYNh+reOysuQcjXNkmqaZ8LVk/x/kulDkDsAikUkzc6NwSA4L+wWBe\njh6NOUfVTeIsEyZ1X8aRB6cN5bCMW7WCqyGw8wDqBKQ7+7033I86XrXw2nIHfSRM\nKK9IpR1i2Z0ot2HoRkSKv0zAAUhpwMkR1s+8O6RjzDVEbk6yTGXjnLzCb87xGt4Z\nQVttfnhTBt95Trl5XtgmbnqeFcxv7HzoNnO1VBHQ+LNRHQmP4Y5a1GBYllUmLHS3\nYOvJFaO/er9xUuFHbXZSyuhGlyVotSIZLWOEhbPot1JC2i3jlRECggEBANxMt6Uh\nmu8vED/B0e53pwK/ECpi94L+URMn6jUk+/eIPF2com6GslKRN6xt3Pq/4stBx5uy\nAJpjVgSm91QryfK6z1EfQ46WqeT6YHqjt2f7Q0eyTK1gnk8TJug358rNednSSNuV\nKH5nyYAJXmiiUAfjG1tqC9bXEcLZjqsmdehvKzMyMPyxrtaIW08JPOEyq3gyThfu\nA389SgZ+70m7XX1FOr2UxV++WdtVecu/NLWPKMQ+7MFek96TiKpTjhevpa4H+8AH\nIipjsynjRIM3jMxIynahdT4r9116JVOboms0h/9n0plWGbZBIfjmVT2ngRBnB9gW\nsk04EwuFHzdvRl0CggEBAMGrakuka3Qp4uvKSKy6Ufv6YSu6HuupFqiJzoP89GRL\nK+Vpl41s/EUpqk0PyiXZ4ESqVVNjIT6rlX6WhX/VTmpl5Ki9l6tae5p3s7yZoyRA\np1SR/BeZglRqa8GZ3s8Nfi/px6K4jX/qIr9aemIfj0GWvYqi7vJpfW2xUraQY9fX\ngADV8lr4ZK0jrufQzX8Nu8nuS/0APDoTJ4JbdqvLNigaMCf9bBG/hNPBf6bGFSUC\nX94ZR9kTgH/FaRMsqnYjEb2Srp75xcgMvECBtBiM8MtFvwyuICYxACJ3IKuEX7VO\n3pNt7suLK61vatauAEctwUKJE7LNpqZ4p8vBM1rAb+0CggEAfv7qzxL0UfX7lAWT\nk7j+WiLymry6mpUo/7X+2ewcJLIwunZVXQnhOp/kTE55GUQM5cdh3mta1aV2LPBj\nm+4yWO9AHC+9rjFEd2+utoQycoryWh56/We5WzRbNXsk8FBLcjo7LfpqgZQrINhF\nyGPpZuKRHr2fXZZV8tGf4SImzntnl/fTLZjwhVPN714P7nJbTssRIdJfybX3Oo9q\nOkL8vf5uwmNE9NCy1DIOKFptdEy234q2yTJQY/sAyc+pFhZ3mD+Z7TUviOg4nGkb\nUdlwHUPJE2I4SELoMsb7RZtuogaCb8XWLfbok5wwjV+avBQX3vDGINfUqZctw3JW\ncIqBMQKCAQEAtWNbwg7zyS+15gtmd8hmIu+FdRP0A9oxa5buQjZ3mzvAmDSGiiIK\nQKjeZSClvz/JyeYS1m/g4jaIZLCLxoe80vAt8lDoLcgoPitgvwLShpC7Z/z2tA/F\nvlSSKhh4U0qa5js6DFB3ztc2xivytdZDMTYCvkcOLyLYJBXRl0WzDaQ7sgyv2b4N\nZRAnr9yjqxzsxhsXNpWy0t2/wlrx0cMZLQQiGEJFpnXO7Rms+kFJ6ojHy1e4MDsQ\nvhrh5+CMousDoZ8xR5o+QLiU1IHmcJwIpwni/vhTChIYwy75/UqU7VY6JrDu19q4\nBM92rCz5+7CB8lQ6i9wK+p3E4pRICfZ0nQKCAQAEdzmAzUB41GSrxopnM9G/qn3M\nLBEh99jioTgStLl6mT8ioSMzaqtZ8/uyYEH53vrgwKLBgJQXot7Lb6WGGVkH+uOU\nQ7XwBDRhSl4lda5LD1jtzAI37JcqylsEEVZgr7pAQirG+S0I1ccJbSHZdvWe+X4f\nQTszhf8VfAFkWYnghrov401K90ryXiiir081joNgycnDlTF1d267cT5uKVdAj8g9\nRVKiGplWBP0t2BW+G7oMQgF7ut/xdLHzrdR++m7PhwbRL5CpsO+HSR+xCvEg3bZl\nb1idaTlheTfscu/LyFR2BT2M1aI1VJGQQ1y6Q7/qOJZGM5a1edquU1ILeYW4\n-----END RSA PRIVATE KEY-----\n",
            "public_key_fingerprint_md5": "10:c1:aa:72:d5:07:e0:76:36:61:94:ec:d1:a5:c2:66",
            "public_key_openssh": "ssh-rsa AAAAB3NzaC1yc2EAAAADAQABAAACAQCmqVkrBaULyJlwp4IJl+3PVNVV4/fDbFAXC7gXrw8iHWFRclCQpb4eVd/yftr5/x8EUXHYMsH2sfNN6lA4Cw0SxFCYXhXnODCcFuUqfvEiDvqhJvRohBBF+YXojSaBlIK2YRQhTJfXe2/Se95OUIIyB8/3N8PXARDtu/PV9c4TbP8MnrP3BfEGGmO5Zr/+nLJjgCJe5dzbs21/3AyxITtiMCFuv3BMQ3dYE06ojs4Ia/skS6g2bAAq277/z9HKc23ljze3KTKhPk7JZp2T9iATDxrQofP7Di4KhW9elGmGHeRklxfEyrqxaYFbJLw8eb5BT0lhZYWf1a/v1XqE1pK/15D6JA+rlrDWVseBL8rkHQzDy2MyANdI+VAl/vmTcCqS2V0ghvu3PilCMtMDF9T7bh7AjI4RssCV3TEN6C7emYYMutAg6xro8CBOdWOzVgH1zKvKlg97+mwEXM9tV8W5/JZHrI5NZ/QzBaNJEdcZpEee+XYGqLWejc67PGLWXxAGiwxuagSw+HpgyyUNCEH3t1XvNwggPIh6RGB8gPEd6SfaIg8vB5H0FtveE1Po0KBEVSTFzlts1SqFJodUGOifQjYRuGxp7C5l+ofh1YH9NzoVF7RZufasCT3B7akhN6CteRY37U3tjgqz5OxDEhngnix2A5f3BlrXP5qoCUZ3GQ==\n",
            "public_key_pem": "-----BEGIN PUBLIC KEY-----\nMIICIjANBgkqhkiG9w0BAQEFAAOCAg8AMIICCgKCAgEApqlZKwWlC8iZcKeCCZft\nz1TVVeP3w2xQFwu4F68PIh1hUXJQkKW+HlXf8n7a+f8fBFFx2DLB9rHzTepQOAsN\nEsRQmF4V5zgwnBblKn7xIg76oSb0aIQQRfmF6I0mgZSCtmEUIUyX13tv0nveTlCC\nMgfP9zfD1wEQ7bvz1fXOE2z/DJ6z9wXxBhpjuWa//pyyY4AiXuXc27Ntf9wMsSE7\nYjAhbr9wTEN3WBNOqI7OCGv7JEuoNmwAKtu+/8/RynNt5Y83tykyoT5OyWadk/Yg\nEw8a0KHz+w4uCoVvXpRphh3kZJcXxMq6sWmBWyS8PHm+QU9JYWWFn9Wv79V6hNaS\nv9eQ+iQPq5aw1lbHgS/K5B0Mw8tjMgDXSPlQJf75k3AqktldIIb7tz4pQjLTAxfU\n+24ewIyOEbLAld0xDegu3pmGDLrQIOsa6PAgTnVjs1YB9cyrypYPe/psBFzPbVfF\nufyWR6yOTWf0MwWjSRHXGaRHnvl2Bqi1no3Ouzxi1l8QBosMbmoEsPh6YMslDQhB\n97dV7zcIIDyIekRgfIDxHekn2iIPLweR9Bbb3hNT6NCgRFUkxc5bbNUqhSaHVBjo\nn0I2EbhsaewuZfqH4dWB/Tc6FRe0Wbn2rAk9we2pITegrXkWN+1N7Y4Ks+TsQxIZ\n4J4sdgOX9wZa1z+aqAlGdxkCAwEAAQ==\n-----END PUBLIC KEY-----\n",
            "rsa_bits": 4096
          },
          "private": "bnVsbA=="
        }
      ]
    }
  ]
}
